
Microsoft Visual Studio Solution File, Format Version 12.00
# Visual Studio Version 17
VisualStudioVersion = 17.6.33829.357
MinimumVisualStudioVersion = 10.0.40219.1
Project("{FAE04EC0-301F-11D3-BF4B-00C04F79EFBC}") = "Match The Card", "Match The Card\Match The Card.csproj", "{2F0C180B-200E-49CA-8E45-8C4194DA871F}"
EndProject
Global
	GlobalSection(SolutionConfigurationPlatforms) = preSolution
		Debug|Any CPU = Debug|Any CPU
		Release|Any CPU = Release|Any CPU
	EndGlobalSection
	GlobalSection(ProjectConfigurationPlatforms) = postSolution
		{2F0C180B-200E-49CA-8E45-8C4194DA871F}.Debug|Any CPU.ActiveCfg = Debug|Any CPU
		{2F0C180B-200E-49CA-8E45-8C4194DA871F}.Debug|Any CPU.Build.0 = Debug|Any CPU
		{2F0C180B-200E-49CA-8E45-8C4194DA871F}.Release|Any CPU.ActiveCfg = Release|Any CPU
		{2F0C180B-200E-49CA-8E45-8C4194DA871F}.Release|Any CPU.Build.0 = Release|Any CPU
	EndGlobalSection
	GlobalSection(SolutionProperties) = preSolution
		HideSolutionNode = FALSE
	EndGlobalSection
	GlobalSection(ExtensibilityGlobals) = postSolution
		SolutionGuid = {1DD63DE4-A369-42C6-B106-FA683538F337}
	EndGlobalSection
EndGlobal
